
Microsoft Visual Studio Solution File, Format Version 12.00
# Visual Studio Version 16
VisualStudioVersion = 16.0.31205.134
MinimumVisualStudioVersion = 10.0.40219.1
Project("{FAE04EC0-301F-11D3-BF4B-00C04F79EFBC}") = "Our.Umbraco.DynamicImages", "Our.Umbraco.DynamicImages\Our.Umbraco.DynamicImages.csproj", "{15CB0498-6AC4-416B-97CD-CF8039AC28F1}"
EndProject
Global
	GlobalSection(SolutionConfigurationPlatforms) = preSolution
		Debug|Any CPU = Debug|Any CPU
		Release|Any CPU = Release|Any CPU
	EndGlobalSection
	GlobalSection(ProjectConfigurationPlatforms) = postSolution
		{3BEC89A4-74A6-46D1-9475-E74800B20560}.Debug|Any CPU.ActiveCfg = Debug|Any CPU
		{3BEC89A4-74A6-46D1-9475-E74800B20560}.Debug|Any CPU.Build.0 = Debug|Any CPU
		{3BEC89A4-74A6-46D1-9475-E74800B20560}.Release|Any CPU.ActiveCfg = Release|Any CPU
		{3BEC89A4-74A6-46D1-9475-E74800B20560}.Release|Any CPU.Build.0 = Release|Any CPU
		{15CB0498-6AC4-416B-97CD-CF8039AC28F1}.Debug|Any CPU.ActiveCfg = Debug|Any CPU
		{15CB0498-6AC4-416B-97CD-CF8039AC28F1}.Debug|Any CPU.Build.0 = Debug|Any CPU
		{15CB0498-6AC4-416B-97CD-CF8039AC28F1}.Release|Any CPU.ActiveCfg = Release|Any CPU
		{15CB0498-6AC4-416B-97CD-CF8039AC28F1}.Release|Any CPU.Build.0 = Release|Any CPU
	EndGlobalSection
	GlobalSection(SolutionProperties) = preSolution
		HideSolutionNode = FALSE
	EndGlobalSection
	GlobalSection(ExtensibilityGlobals) = postSolution
		SolutionGuid = {5364AC22-625F-4A75-8E4A-53614568F916}
	EndGlobalSection
EndGlobal
